
Microsoft Visual Studio Solution File, Format Version 12.00
# Visual Studio Version 17
VisualStudioVersion = 17.4.33205.214
MinimumVisualStudioVersion = 10.0.40219.1
Project("{9A19103F-16F7-4668-BE54-9A1E7A4F7556}") = "AggAPIs", "AggAPIs.csproj", "{74D85873-38C9-4711-AC97-24D509D5C263}"
EndProject
Project("{9A19103F-16F7-4668-BE54-9A1E7A4F7556}") = "Middleware", "..\Middleware\Middleware.csproj", "{F2D32249-C417-47B9-8C59-30200B72A8ED}"
EndProject
Global
	GlobalSection(SolutionConfigurationPlatforms) = preSolution
		Debug|Any CPU = Debug|Any CPU
		Release|Any CPU = Release|Any CPU
	EndGlobalSection
	GlobalSection(ProjectConfigurationPlatforms) = postSolution
		{74D85873-38C9-4711-AC97-24D509D5C263}.Debug|Any CPU.ActiveCfg = Debug|Any CPU
		{74D85873-38C9-4711-AC97-24D509D5C263}.Debug|Any CPU.Build.0 = Debug|Any CPU
		{74D85873-38C9-4711-AC97-24D509D5C263}.Release|Any CPU.ActiveCfg = Release|Any CPU
		{74D85873-38C9-4711-AC97-24D509D5C263}.Release|Any CPU.Build.0 = Release|Any CPU
		{F2D32249-C417-47B9-8C59-30200B72A8ED}.Debug|Any CPU.ActiveCfg = Debug|Any CPU
		{F2D32249-C417-47B9-8C59-30200B72A8ED}.Debug|Any CPU.Build.0 = Debug|Any CPU
		{F2D32249-C417-47B9-8C59-30200B72A8ED}.Release|Any CPU.ActiveCfg = Release|Any CPU
		{F2D32249-C417-47B9-8C59-30200B72A8ED}.Release|Any CPU.Build.0 = Release|Any CPU
	EndGlobalSection
	GlobalSection(SolutionProperties) = preSolution
		HideSolutionNode = FALSE
	EndGlobalSection
	GlobalSection(ExtensibilityGlobals) = postSolution
		SolutionGuid = {5E15B996-8BA5-461C-B04B-45E92CB17C33}
	EndGlobalSection
EndGlobal
